
Microsoft Visual Studio Solution File, Format Version 12.00
# Visual Studio Version 17
VisualStudioVersion = 17.5.002.0
MinimumVisualStudioVersion = 10.0.40219.1
Project("{9A19103F-16F7-4668-BE54-9A1E7A4F7556}") = "api", "api\api.csproj", "{7CBAFA4D-52AA-4658-BC17-CB9662AA8E39}"
EndProject
Global
	GlobalSection(SolutionConfigurationPlatforms) = preSolution
		Debug|Any CPU = Debug|Any CPU
		Release|Any CPU = Release|Any CPU
	EndGlobalSection
	GlobalSection(ProjectConfigurationPlatforms) = postSolution
		{7CBAFA4D-52AA-4658-BC17-CB9662AA8E39}.Debug|Any CPU.ActiveCfg = Debug|Any CPU
		{7CBAFA4D-52AA-4658-BC17-CB9662AA8E39}.Debug|Any CPU.Build.0 = Debug|Any CPU
		{7CBAFA4D-52AA-4658-BC17-CB9662AA8E39}.Release|Any CPU.ActiveCfg = Release|Any CPU
		{7CBAFA4D-52AA-4658-BC17-CB9662AA8E39}.Release|Any CPU.Build.0 = Release|Any CPU
	EndGlobalSection
	GlobalSection(SolutionProperties) = preSolution
		HideSolutionNode = FALSE
	EndGlobalSection
	GlobalSection(ExtensibilityGlobals) = postSolution
		SolutionGuid = {827517E9-47C9-4453-9F76-415DA9EDD087}
	EndGlobalSection
EndGlobal
